{
  "requires": true,
  "lockfileVersion": 1,
  "dependencies": {
    "d3-binarytree": {
      "version": "0.1.4",
      "resolved": "https://registry.npmjs.org/d3-binarytree/-/d3-binarytree-0.1.4.tgz",
      "integrity": "sha512-CRnARMxJUbg+Whwa5z+iFRJrV6Au6EodghTjOYSNkx3/dbsPFEwfo9HmcU9GcZ9vsKDTIoHA/awBB8OmO2YENQ=="
    },
    "d3-collection": {
      "version": "1.0.7",
      "resolved": "https://registry.npmjs.org/d3-collection/-/d3-collection-1.0.7.tgz",
      "integrity": "sha512-ii0/r5f4sjKNTfh84Di+DpztYwqKhEyUlKoPrzUFfeSkWxjW49xU2QzO9qrPrNkpdI0XJkfzvmTu8V2Zylln6A=="
    },
    "d3-dispatch": {
      "version": "1.0.5",
      "resolved": "https://registry.npmjs.org/d3-dispatch/-/d3-dispatch-1.0.5.tgz",
      "integrity": "sha512-vwKx+lAqB1UuCeklr6Jh1bvC4SZgbSqbkGBLClItFBIYH4vqDJCA7qfoy14lXmJdnBOdxndAMxjCbImJYW7e6g=="
    },
    "d3-force-3d": {
      "version": "1.1.2",
      "resolved": "https://registry.npmjs.org/d3-force-3d/-/d3-force-3d-1.1.2.tgz",
      "integrity": "sha512-eHfj5wTS/Q2OVVYRKMOP0HyUocaqeEwHQwbYg8AkSYEG9agTfyx6fxr393mZpv6i9r8IViJucVplTnsUCSOlJw==",
      "requires": {
        "d3-binarytree": "~0.1",
        "d3-collection": "1",
        "d3-dispatch": "1",
        "d3-octree": "~0.1",
        "d3-quadtree": "1",
        "d3-timer": "1"
      }
    },
    "d3-octree": {
      "version": "0.1.4",
      "resolved": "https://registry.npmjs.org/d3-octree/-/d3-octree-0.1.4.tgz",
      "integrity": "sha512-FAvYzxYZtOjFJjsUUJMESGj4W6BF4QwqagwEJr+wUWm/gTWXtI+SDiz8wefBPxs6/PHaxvxgD8k6QXkOQcMlrg=="
    },
    "d3-quadtree": {
      "version": "1.0.5",
      "resolved": "https://registry.npmjs.org/d3-quadtree/-/d3-quadtree-1.0.5.tgz",
      "integrity": "sha512-U2tjwDFbZ75JRAg8A+cqMvqPg1G3BE7UTJn3h8DHjY/pnsAfWdbJKgyfcy7zKjqGtLAmI0q8aDSeG1TVIKRaHQ=="
    },
    "d3-timer": {
      "version": "1.0.9",
      "resolved": "https://registry.npmjs.org/d3-timer/-/d3-timer-1.0.9.tgz",
      "integrity": "sha512-rT34J5HnQUHhcLvhSB9GjCkN0Ddd5Y8nCwDBG2u6wQEeYxT/Lf51fTFFkldeib/sE/J0clIe0pnCfs6g/lRbyg=="
    }
  }
}
